// !$*UTF8*$!
{
	archiveVersion = 1;
	classes = {
	};
	objectVersion = 51;
	objects = {

/* Begin PBXBuildFile section */
		8782CBEC81EA99125D8615C0 /* Pods_BPCheck.framework in Frameworks */ = {isa = PBXBuildFile; fileRef = 9B31BE3E5561569A3F7F2B85 /* Pods_BPCheck.framework */; };
		EB062A9C261607E80040B4C0 /* AppDelegate.swift in Sources */ = {isa = PBXBuildFile; fileRef = EB062A9B261607E80040B4C0 /* AppDelegate.swift */; };
		EB062AA0261607E80040B4C0 /* SignInViewController.swift in Sources */ = {isa = PBXBuildFile; fileRef = EB062A9F261607E80040B4C0 /* SignInViewController.swift */; };
		EB062AA5261607ED0040B4C0 /* Assets.xcassets in Resources */ = {isa = PBXBuildFile; fileRef = EB062AA4261607ED0040B4C0 /* Assets.xcassets */; };
		EB062AA8261607ED0040B4C0 /* LaunchScreen.storyboard in Resources */ = {isa = PBXBuildFile; fileRef = EB062AA6261607ED0040B4C0 /* LaunchScreen.storyboard */; };
		EB8CC4E02619521E0060FA5A /* Token.swift in Sources */ = {isa = PBXBuildFile; fileRef = EB8CC4DF2619521E0060FA5A /* Token.swift */; };
		EB8D55A3267991EA00D32812 /* HospitalFlow.swift in Sources */ = {isa = PBXBuildFile; fileRef = EB8D55A2267991EA00D32812 /* HospitalFlow.swift */; };
		EB9227EA261853D00031F9E7 /* UIViewController.swift in Sources */ = {isa = PBXBuildFile; fileRef = EB9227E9261853D00031F9E7 /* UIViewController.swift */; };
		EB973F202619624E005493A2 /* UITextField.swift in Sources */ = {isa = PBXBuildFile; fileRef = EB973F1F2619624E005493A2 /* UITextField.swift */; };
		EBA5A27A261EA2EF00E635E6 /* LowChartViewController.swift in Sources */ = {isa = PBXBuildFile; fileRef = EBA5A279261EA2EF00E635E6 /* LowChartViewController.swift */; };
		EBAB8EA326500E4700122A85 /* TokenManager.swift in Sources */ = {isa = PBXBuildFile; fileRef = EBAB8EA226500DEF00122A85 /* TokenManager.swift */; };
		EBAB8EA426500E4A00122A85 /* StorageManager.swift in Sources */ = {isa = PBXBuildFile; fileRef = EBAB8EA126500DEC00122A85 /* StorageManager.swift */; };
		EBAE5643267322C0004E49AA /* TabBarFlow.swift in Sources */ = {isa = PBXBuildFile; fileRef = EBAE5642267322BF004E49AA /* TabBarFlow.swift */; };
		EBB32EE0261F3D6700CE7E38 /* TableChartsViewController.swift in Sources */ = {isa = PBXBuildFile; fileRef = EBB32EDF261F3D6700CE7E38 /* TableChartsViewController.swift */; };
		EBB4DB612616D9CA001872B6 /* Color.swift in Sources */ = {isa = PBXBuildFile; fileRef = EBB4DB602616D9CA001872B6 /* Color.swift */; };
		EBB4DB652616DBFD001872B6 /* SignInReactor.swift in Sources */ = {isa = PBXBuildFile; fileRef = EBB4DB642616DBFD001872B6 /* SignInReactor.swift */; };
		EBB4DB682616DEAC001872B6 /* BPCheckAPI.swift in Sources */ = {isa = PBXBuildFile; fileRef = EBB4DB672616DEAC001872B6 /* BPCheckAPI.swift */; };
		EBB4DB6B2616E8B3001872B6 /* Service.swift in Sources */ = {isa = PBXBuildFile; fileRef = EBB4DB6A2616E8B3001872B6 /* Service.swift */; };
		EBB5D7AD2670F9490067BACC /* BPCheckStep.swift in Sources */ = {isa = PBXBuildFile; fileRef = EBB5D7AC2670F9490067BACC /* BPCheckStep.swift */; };
		EBB5D7AF2670FA9A0067BACC /* AppFlow.swift in Sources */ = {isa = PBXBuildFile; fileRef = EBB5D7AE2670FA9A0067BACC /* AppFlow.swift */; };
		EBB5D7B3267191870067BACC /* BaseViewController.swift in Sources */ = {isa = PBXBuildFile; fileRef = EBB5D7B2267191870067BACC /* BaseViewController.swift */; };
		EBB657D12619A40E00D75E51 /* SignUpViewController.swift in Sources */ = {isa = PBXBuildFile; fileRef = EBB657D02619A40E00D75E51 /* SignUpViewController.swift */; };
		EBB657D42619A79A00D75E51 /* SignUpReactor.swift in Sources */ = {isa = PBXBuildFile; fileRef = EBB657D32619A79A00D75E51 /* SignUpReactor.swift */; };
		EBB657D92619CE1500D75E51 /* HomeViewController.swift in Sources */ = {isa = PBXBuildFile; fileRef = EBB657D82619CE1500D75E51 /* HomeViewController.swift */; };
		EBB657DD261A8A4500D75E51 /* MainFeedView.swift in Sources */ = {isa = PBXBuildFile; fileRef = EBB657DC261A8A4500D75E51 /* MainFeedView.swift */; };
		EBBD53C5262E5F1400E4C0A9 /* HomeReactor.swift in Sources */ = {isa = PBXBuildFile; fileRef = EBBD53C4262E5F1400E4C0A9 /* HomeReactor.swift */; };
		EBBD53C8262E66EE00E4C0A9 /* Home.swift in Sources */ = {isa = PBXBuildFile; fileRef = EBBD53C7262E66EE00E4C0A9 /* Home.swift */; };
		EBBD53CB262E69B900E4C0A9 /* Hospital.swift in Sources */ = {isa = PBXBuildFile; fileRef = EBBD53CA262E69B900E4C0A9 /* Hospital.swift */; };
		EBBD53CE262E69FB00E4C0A9 /* Bp.swift in Sources */ = {isa = PBXBuildFile; fileRef = EBBD53CD262E69FB00E4C0A9 /* Bp.swift */; };
		EBBD53D1262E6B8B00E4C0A9 /* ServiceType.swift in Sources */ = {isa = PBXBuildFile; fileRef = EBBD53D0262E6B8B00E4C0A9 /* ServiceType.swift */; };
		EBBD53D4262EB39F00E4C0A9 /* LowReactor.swift in Sources */ = {isa = PBXBuildFile; fileRef = EBBD53D3262EB39F00E4C0A9 /* LowReactor.swift */; };
		EBD115AC261D34DB00FA9C83 /* PostViewController.swift in Sources */ = {isa = PBXBuildFile; fileRef = EBD115AB261D34DB00FA9C83 /* PostViewController.swift */; };
		EBD115B1261D50F900FA9C83 /* HospitalViewController.swift in Sources */ = {isa = PBXBuildFile; fileRef = EBD115B0261D50F900FA9C83 /* HospitalViewController.swift */; };
		EBFA8A8F263643F30042DAC3 /* HospitalReactor.swift in Sources */ = {isa = PBXBuildFile; fileRef = EBFA8A8E263643F30042DAC3 /* HospitalReactor.swift */; };
		EBFD819F26381BEB00B0362A /* TableChartsReactor.swift in Sources */ = {isa = PBXBuildFile; fileRef = EBFD819E26381BEB00B0362A /* TableChartsReactor.swift */; };
		EBFD81A226381F0B00B0362A /* AllBpTableViewCell.swift in Sources */ = {isa = PBXBuildFile; fileRef = EBFD81A126381F0B00B0362A /* AllBpTableViewCell.swift */; };
		EBFD81A526381F2A00B0362A /* HighReactor.swift in Sources */ = {isa = PBXBuildFile; fileRef = EBFD81A426381F2A00B0362A /* HighReactor.swift */; };
		EBFD81A926381F7000B0362A /* HighChartViewController.swift in Sources */ = {isa = PBXBuildFile; fileRef = EBFD81A826381F7000B0362A /* HighChartViewController.swift */; };
		EBFD81AC263822A600B0362A /* PostReactor.swift in Sources */ = {isa = PBXBuildFile; fileRef = EBFD81AB263822A600B0362A /* PostReactor.swift */; };
/* End PBXBuildFile section */

/* Begin PBXFileReference section */
		4CA040F7B914536378CB9D38 /* Pods-BPCheck.release.xcconfig */ = {isa = PBXFileReference; includeInIndex = 1; lastKnownFileType = text.xcconfig; name = "Pods-BPCheck.release.xcconfig"; path = "Target Support Files/Pods-BPCheck/Pods-BPCheck.release.xcconfig"; sourceTree = "<group>"; };
		517C0D250286D9AFEDD071A4 /* Pods-BPCheck.debug.xcconfig */ = {isa = PBXFileReference; includeInIndex = 1; lastKnownFileType = text.xcconfig; name = "Pods-BPCheck.debug.xcconfig"; path = "Target Support Files/Pods-BPCheck/Pods-BPCheck.debug.xcconfig"; sourceTree = "<group>"; };
		9B31BE3E5561569A3F7F2B85 /* Pods_BPCheck.framework */ = {isa = PBXFileReference; explicitFileType = wrapper.framework; includeInIndex = 0; path = Pods_BPCheck.framework; sourceTree = BUILT_PRODUCTS_DIR; };
		EB062A98261607E80040B4C0 /* BPCheck.app */ = {isa = PBXFileReference; explicitFileType = wrapper.application; includeInIndex = 0; path = BPCheck.app; sourceTree = BUILT_PRODUCTS_DIR; };
		EB062A9B261607E80040B4C0 /* AppDelegate.swift */ = {isa = PBXFileReference; lastKnownFileType = sourcecode.swift; path = AppDelegate.swift; sourceTree = "<group>"; };
		EB062A9F261607E80040B4C0 /* SignInViewController.swift */ = {isa = PBXFileReference; lastKnownFileType = sourcecode.swift; path = SignInViewController.swift; sourceTree = "<group>"; };
		EB062AA4261607ED0040B4C0 /* Assets.xcassets */ = {isa = PBXFileReference; lastKnownFileType = folder.assetcatalog; path = Assets.xcassets; sourceTree = "<group>"; };
		EB062AA7261607ED0040B4C0 /* Base */ = {isa = PBXFileReference; lastKnownFileType = file.storyboard; name = Base; path = Base.lproj/LaunchScreen.storyboard; sourceTree = "<group>"; };
		EB062AA9261607ED0040B4C0 /* Info.plist */ = {isa = PBXFileReference; lastKnownFileType = text.plist.xml; path = Info.plist; sourceTree = "<group>"; };
		EB8CC4DF2619521E0060FA5A /* Token.swift */ = {isa = PBXFileReference; lastKnownFileType = sourcecode.swift; path = Token.swift; sourceTree = "<group>"; };
		EB8D55A2267991EA00D32812 /* HospitalFlow.swift */ = {isa = PBXFileReference; lastKnownFileType = sourcecode.swift; path = HospitalFlow.swift; sourceTree = "<group>"; };
		EB9227E9261853D00031F9E7 /* UIViewController.swift */ = {isa = PBXFileReference; lastKnownFileType = sourcecode.swift; path = UIViewController.swift; sourceTree = "<group>"; };
		EB973F1F2619624E005493A2 /* UITextField.swift */ = {isa = PBXFileReference; lastKnownFileType = sourcecode.swift; path = UITextField.swift; sourceTree = "<group>"; };
		EBA5A279261EA2EF00E635E6 /* LowChartViewController.swift */ = {isa = PBXFileReference; lastKnownFileType = sourcecode.swift; path = LowChartViewController.swift; sourceTree = "<group>"; };
		EBAB8EA126500DEC00122A85 /* StorageManager.swift */ = {isa = PBXFileReference; lastKnownFileType = sourcecode.swift; path = StorageManager.swift; sourceTree = "<group>"; };
		EBAB8EA226500DEF00122A85 /* TokenManager.swift */ = {isa = PBXFileReference; lastKnownFileType = sourcecode.swift; path = TokenManager.swift; sourceTree = "<group>"; };
		EBAE5642267322BF004E49AA /* TabBarFlow.swift */ = {isa = PBXFileReference; lastKnownFileType = sourcecode.swift; path = TabBarFlow.swift; sourceTree = "<group>"; };
		EBB32EDF261F3D6700CE7E38 /* TableChartsViewController.swift */ = {isa = PBXFileReference; lastKnownFileType = sourcecode.swift; path = TableChartsViewController.swift; sourceTree = "<group>"; };
		EBB4DB602616D9CA001872B6 /* Color.swift */ = {isa = PBXFileReference; lastKnownFileType = sourcecode.swift; path = Color.swift; sourceTree = "<group>"; };
		EBB4DB642616DBFD001872B6 /* SignInReactor.swift */ = {isa = PBXFileReference; lastKnownFileType = sourcecode.swift; path = SignInReactor.swift; sourceTree = "<group>"; };
		EBB4DB672616DEAC001872B6 /* BPCheckAPI.swift */ = {isa = PBXFileReference; lastKnownFileType = sourcecode.swift; path = BPCheckAPI.swift; sourceTree = "<group>"; };
		EBB4DB6A2616E8B3001872B6 /* Service.swift */ = {isa = PBXFileReference; lastKnownFileType = sourcecode.swift; path = Service.swift; sourceTree = "<group>"; };
		EBB5D7AC2670F9490067BACC /* BPCheckStep.swift */ = {isa = PBXFileReference; lastKnownFileType = sourcecode.swift; path = BPCheckStep.swift; sourceTree = "<group>"; };
		EBB5D7AE2670FA9A0067BACC /* AppFlow.swift */ = {isa = PBXFileReference; lastKnownFileType = sourcecode.swift; path = AppFlow.swift; sourceTree = "<group>"; };
		EBB5D7B2267191870067BACC /* BaseViewController.swift */ = {isa = PBXFileReference; lastKnownFileType = sourcecode.swift; path = BaseViewController.swift; sourceTree = "<group>"; };
		EBB657D02619A40E00D75E51 /* SignUpViewController.swift */ = {isa = PBXFileReference; lastKnownFileType = sourcecode.swift; path = SignUpViewController.swift; sourceTree = "<group>"; };
		EBB657D32619A79A00D75E51 /* SignUpReactor.swift */ = {isa = PBXFileReference; lastKnownFileType = sourcecode.swift; path = SignUpReactor.swift; sourceTree = "<group>"; };
		EBB657D82619CE1500D75E51 /* HomeViewController.swift */ = {isa = PBXFileReference; lastKnownFileType = sourcecode.swift; path = HomeViewController.swift; sourceTree = "<group>"; };
		EBB657DC261A8A4500D75E51 /* MainFeedView.swift */ = {isa = PBXFileReference; lastKnownFileType = sourcecode.swift; path = MainFeedView.swift; sourceTree = "<group>"; };
		EBBD53C4262E5F1400E4C0A9 /* HomeReactor.swift */ = {isa = PBXFileReference; lastKnownFileType = sourcecode.swift; path = HomeReactor.swift; sourceTree = "<group>"; };
		EBBD53C7262E66EE00E4C0A9 /* Home.swift */ = {isa = PBXFileReference; lastKnownFileType = sourcecode.swift; path = Home.swift; sourceTree = "<group>"; };
		EBBD53CA262E69B900E4C0A9 /* Hospital.swift */ = {isa = PBXFileReference; lastKnownFileType = sourcecode.swift; path = Hospital.swift; sourceTree = "<group>"; };
		EBBD53CD262E69FB00E4C0A9 /* Bp.swift */ = {isa = PBXFileReference; lastKnownFileType = sourcecode.swift; path = Bp.swift; sourceTree = "<group>"; };
		EBBD53D0262E6B8B00E4C0A9 /* ServiceType.swift */ = {isa = PBXFileReference; lastKnownFileType = sourcecode.swift; path = ServiceType.swift; sourceTree = "<group>"; };
		EBBD53D3262EB39F00E4C0A9 /* LowReactor.swift */ = {isa = PBXFileReference; lastKnownFileType = sourcecode.swift; path = LowReactor.swift; sourceTree = "<group>"; };
		EBD115AB261D34DB00FA9C83 /* PostViewController.swift */ = {isa = PBXFileReference; lastKnownFileType = sourcecode.swift; path = PostViewController.swift; sourceTree = "<group>"; };
		EBD115B0261D50F900FA9C83 /* HospitalViewController.swift */ = {isa = PBXFileReference; lastKnownFileType = sourcecode.swift; path = HospitalViewController.swift; sourceTree = "<group>"; };
		EBFA8A8E263643F30042DAC3 /* HospitalReactor.swift */ = {isa = PBXFileReference; lastKnownFileType = sourcecode.swift; path = HospitalReactor.swift; sourceTree = "<group>"; };
		EBFD819E26381BEB00B0362A /* TableChartsReactor.swift */ = {isa = PBXFileReference; lastKnownFileType = sourcecode.swift; path = TableChartsReactor.swift; sourceTree = "<group>"; };
		EBFD81A126381F0B00B0362A /* AllBpTableViewCell.swift */ = {isa = PBXFileReference; lastKnownFileType = sourcecode.swift; path = AllBpTableViewCell.swift; sourceTree = "<group>"; };
		EBFD81A426381F2A00B0362A /* HighReactor.swift */ = {isa = PBXFileReference; lastKnownFileType = sourcecode.swift; path = HighReactor.swift; sourceTree = "<group>"; };
		EBFD81A826381F7000B0362A /* HighChartViewController.swift */ = {isa = PBXFileReference; lastKnownFileType = sourcecode.swift; path = HighChartViewController.swift; sourceTree = "<group>"; };
		EBFD81AB263822A600B0362A /* PostReactor.swift */ = {isa = PBXFileReference; lastKnownFileType = sourcecode.swift; path = PostReactor.swift; sourceTree = "<group>"; };
/* End PBXFileReference section */

/* Begin PBXFrameworksBuildPhase section */
		EB062A95261607E80040B4C0 /* Frameworks */ = {
			isa = PBXFrameworksBuildPhase;
			buildActionMask = 2147483647;
			files = (
				8782CBEC81EA99125D8615C0 /* Pods_BPCheck.framework in Frameworks */,
			);
			runOnlyForDeploymentPostprocessing = 0;
		};
/* End PBXFrameworksBuildPhase section */

/* Begin PBXGroup section */
		067F108583C841780A7126E7 /* Pods */ = {
			isa = PBXGroup;
			children = (
				517C0D250286D9AFEDD071A4 /* Pods-BPCheck.debug.xcconfig */,
				4CA040F7B914536378CB9D38 /* Pods-BPCheck.release.xcconfig */,
			);
			path = Pods;
			sourceTree = "<group>";
		};
		2EE2D363CA353BA0AA9F6C73 /* Frameworks */ = {
			isa = PBXGroup;
			children = (
				9B31BE3E5561569A3F7F2B85 /* Pods_BPCheck.framework */,
			);
			name = Frameworks;
			sourceTree = "<group>";
		};
		EB062A8F261607E80040B4C0 = {
			isa = PBXGroup;
			children = (
				EB062A9A261607E80040B4C0 /* BPCheck */,
				EB062A99261607E80040B4C0 /* Products */,
				067F108583C841780A7126E7 /* Pods */,
				2EE2D363CA353BA0AA9F6C73 /* Frameworks */,
			);
			sourceTree = "<group>";
		};
		EB062A99261607E80040B4C0 /* Products */ = {
			isa = PBXGroup;
			children = (
				EB062A98261607E80040B4C0 /* BPCheck.app */,
			);
			name = Products;
			sourceTree = "<group>";
		};
		EB062A9A261607E80040B4C0 /* BPCheck */ = {
			isa = PBXGroup;
			children = (
				EBB4DB522616BE3C001872B6 /* Supporting Files */,
				EBB4DB512616BE38001872B6 /* Resource */,
				EBB4DB502616BE31001872B6 /* Sourece */,
				EB062AA9261607ED0040B4C0 /* Info.plist */,
			);
			path = BPCheck;
			sourceTree = "<group>";
		};
		EB8CC4DE261952170060FA5A /* Models */ = {
			isa = PBXGroup;
			children = (
				EB8CC4DF2619521E0060FA5A /* Token.swift */,
				EBBD53C7262E66EE00E4C0A9 /* Home.swift */,
				EBBD53CA262E69B900E4C0A9 /* Hospital.swift */,
				EBBD53CD262E69FB00E4C0A9 /* Bp.swift */,
			);
			path = Models;
			sourceTree = "<group>";
		};
		EB9227E8261853C20031F9E7 /* Extensions */ = {
			isa = PBXGroup;
			children = (
				EB9227E9261853D00031F9E7 /* UIViewController.swift */,
				EB973F1F2619624E005493A2 /* UITextField.swift */,
			);
			path = Extensions;
			sourceTree = "<group>";
		};
		EBA5A278261EA2E500E635E6 /* Chart */ = {
			isa = PBXGroup;
			children = (
				EBA5A279261EA2EF00E635E6 /* LowChartViewController.swift */,
				EBB32EDF261F3D6700CE7E38 /* TableChartsViewController.swift */,
				EBBD53D3262EB39F00E4C0A9 /* LowReactor.swift */,
				EBFD819E26381BEB00B0362A /* TableChartsReactor.swift */,
				EBFD81A426381F2A00B0362A /* HighReactor.swift */,
				EBFD81A826381F7000B0362A /* HighChartViewController.swift */,
			);
			path = Chart;
			sourceTree = "<group>";
		};
		EBB4DB502616BE31001872B6 /* Sourece */ = {
			isa = PBXGroup;
			children = (
				EBB5D7AB2670F93E0067BACC /* Flows */,
				EBB657DB261A8A2C00D75E51 /* Components */,
				EB8CC4DE261952170060FA5A /* Models */,
				EB9227E8261853C20031F9E7 /* Extensions */,
				EBB4DB5F2616D9C3001872B6 /* Util */,
				EBB4DB592616BE9B001872B6 /* Managers */,
				EBB4DB582616BE8D001872B6 /* Service */,
				EBB4DB552616BE65001872B6 /* Modules */,
				EBB4DB542616BE5D001872B6 /* Application */,
				EBB4DB532616BE57001872B6 /* Networking */,
			);
			path = Sourece;
			sourceTree = "<group>";
		};
		EBB4DB512616BE38001872B6 /* Resource */ = {
			isa = PBXGroup;
			children = (
				EB062AA4261607ED0040B4C0 /* Assets.xcassets */,
				EB062AA6261607ED0040B4C0 /* LaunchScreen.storyboard */,
			);
			path = Resource;
			sourceTree = "<group>";
		};
		EBB4DB522616BE3C001872B6 /* Supporting Files */ = {
			isa = PBXGroup;
			children = (
			);
			path = "Supporting Files";
			sourceTree = "<group>";
		};
		EBB4DB532616BE57001872B6 /* Networking */ = {
			isa = PBXGroup;
			children = (
				EBB4DB672616DEAC001872B6 /* BPCheckAPI.swift */,
			);
			path = Networking;
			sourceTree = "<group>";
		};
		EBB4DB542616BE5D001872B6 /* Application */ = {
			isa = PBXGroup;
			children = (
				EB062A9B261607E80040B4C0 /* AppDelegate.swift */,
			);
			path = Application;
			sourceTree = "<group>";
		};
		EBB4DB552616BE65001872B6 /* Modules */ = {
			isa = PBXGroup;
			children = (
				EBA5A278261EA2E500E635E6 /* Chart */,
				EBD115AF261D50EF00FA9C83 /* Hospital */,
				EBD115AA261D34CD00FA9C83 /* Post */,
				EBB657D62619CBC400D75E51 /* Home */,
				EBB4DB572616BE82001872B6 /* Auth */,
				EBB5D7B2267191870067BACC /* BaseViewController.swift */,
			);
			path = Modules;
			sourceTree = "<group>";
		};
		EBB4DB572616BE82001872B6 /* Auth */ = {
			isa = PBXGroup;
			children = (
				EB062A9F261607E80040B4C0 /* SignInViewController.swift */,
				EBB4DB642616DBFD001872B6 /* SignInReactor.swift */,
				EBB657D02619A40E00D75E51 /* SignUpViewController.swift */,
				EBB657D32619A79A00D75E51 /* SignUpReactor.swift */,
			);
			path = Auth;
			sourceTree = "<group>";
		};
		EBB4DB582616BE8D001872B6 /* Service */ = {
			isa = PBXGroup;
			children = (
				EBB4DB6A2616E8B3001872B6 /* Service.swift */,
				EBBD53D0262E6B8B00E4C0A9 /* ServiceType.swift */,
			);
			path = Service;
			sourceTree = "<group>";
		};
		EBB4DB592616BE9B001872B6 /* Managers */ = {
			isa = PBXGroup;
			children = (
				EBAB8EA226500DEF00122A85 /* TokenManager.swift */,
				EBAB8EA126500DEC00122A85 /* StorageManager.swift */,
			);
			path = Managers;
			sourceTree = "<group>";
		};
		EBB4DB5F2616D9C3001872B6 /* Util */ = {
			isa = PBXGroup;
			children = (
				EBB4DB602616D9CA001872B6 /* Color.swift */,
			);
			path = Util;
			sourceTree = "<group>";
		};
		EBB5D7AB2670F93E0067BACC /* Flows */ = {
			isa = PBXGroup;
			children = (
				EBB5D7AC2670F9490067BACC /* BPCheckStep.swift */,
				EBB5D7AE2670FA9A0067BACC /* AppFlow.swift */,
				EBAE5642267322BF004E49AA /* TabBarFlow.swift */,
				EB8D55A2267991EA00D32812 /* HospitalFlow.swift */,
			);
			path = Flows;
			sourceTree = "<group>";
		};
		EBB657D62619CBC400D75E51 /* Home */ = {
			isa = PBXGroup;
			children = (
				EBB657D82619CE1500D75E51 /* HomeViewController.swift */,
				EBBD53C4262E5F1400E4C0A9 /* HomeReactor.swift */,
			);
			path = Home;
			sourceTree = "<group>";
		};
		EBB657DB261A8A2C00D75E51 /* Components */ = {
			isa = PBXGroup;
			children = (
				EBB657DC261A8A4500D75E51 /* MainFeedView.swift */,
				EBFD81A126381F0B00B0362A /* AllBpTableViewCell.swift */,
			);
			path = Components;
			sourceTree = "<group>";
		};
		EBD115AA261D34CD00FA9C83 /* Post */ = {
			isa = PBXGroup;
			children = (
				EBD115AB261D34DB00FA9C83 /* PostViewController.swift */,
				EBFD81AB263822A600B0362A /* PostReactor.swift */,
			);
			path = Post;
			sourceTree = "<group>";
		};
		EBD115AF261D50EF00FA9C83 /* Hospital */ = {
			isa = PBXGroup;
			children = (
				EBD115B0261D50F900FA9C83 /* HospitalViewController.swift */,
				EBFA8A8E263643F30042DAC3 /* HospitalReactor.swift */,
			);
			path = Hospital;
			sourceTree = "<group>";
		};
/* End PBXGroup section */

/* Begin PBXNativeTarget section */
		EB062A97261607E80040B4C0 /* BPCheck */ = {
			isa = PBXNativeTarget;
			buildConfigurationList = EB062AAC261607ED0040B4C0 /* Build configuration list for PBXNativeTarget "BPCheck" */;
			buildPhases = (
				D417DB94C14B647B05A3D689 /* [CP] Check Pods Manifest.lock */,
				EB062A94261607E80040B4C0 /* Sources */,
				EB062A95261607E80040B4C0 /* Frameworks */,
				EB062A96261607E80040B4C0 /* Resources */,
				3A1C2765788384080650463C /* [CP] Embed Pods Frameworks */,
			);
			buildRules = (
			);
			dependencies = (
			);
			name = BPCheck;
			productName = BPCheck;
			productReference = EB062A98261607E80040B4C0 /* BPCheck.app */;
			productType = "com.apple.product-type.application";
		};
/* End PBXNativeTarget section */

/* Begin PBXProject section */
		EB062A90261607E80040B4C0 /* Project object */ = {
			isa = PBXProject;
			attributes = {
				LastSwiftUpdateCheck = 1240;
				LastUpgradeCheck = 1240;
				TargetAttributes = {
					EB062A97261607E80040B4C0 = {
						CreatedOnToolsVersion = 12.4;
					};
				};
			};
			buildConfigurationList = EB062A93261607E80040B4C0 /* Build configuration list for PBXProject "BPCheck" */;
			compatibilityVersion = "Xcode 9.3";
			developmentRegion = en;
			hasScannedForEncodings = 0;
			knownRegions = (
				en,
				Base,
			);
			mainGroup = EB062A8F261607E80040B4C0;
			productRefGroup = EB062A99261607E80040B4C0 /* Products */;
			projectDirPath = "";
			projectRoot = "";
			targets = (
				EB062A97261607E80040B4C0 /* BPCheck */,
			);
		};
/* End PBXProject section */

/* Begin PBXResourcesBuildPhase section */
		EB062A96261607E80040B4C0 /* Resources */ = {
			isa = PBXResourcesBuildPhase;
			buildActionMask = 2147483647;
			files = (
				EB062AA8261607ED0040B4C0 /* LaunchScreen.storyboard in Resources */,
				EB062AA5261607ED0040B4C0 /* Assets.xcassets in Resources */,
			);
			runOnlyForDeploymentPostprocessing = 0;
		};
/* End PBXResourcesBuildPhase section */

/* Begin PBXShellScriptBuildPhase section */
		3A1C2765788384080650463C /* [CP] Embed Pods Frameworks */ = {
			isa = PBXShellScriptBuildPhase;
			buildActionMask = 2147483647;
			files = (
			);
			inputFileListPaths = (
				"${PODS_ROOT}/Target Support Files/Pods-BPCheck/Pods-BPCheck-frameworks-${CONFIGURATION}-input-files.xcfilelist",
			);
			name = "[CP] Embed Pods Frameworks";
			outputFileListPaths = (
				"${PODS_ROOT}/Target Support Files/Pods-BPCheck/Pods-BPCheck-frameworks-${CONFIGURATION}-output-files.xcfilelist",
			);
			runOnlyForDeploymentPostprocessing = 0;
			shellPath = /bin/sh;
			shellScript = "\"${PODS_ROOT}/Target Support Files/Pods-BPCheck/Pods-BPCheck-frameworks.sh\"\n";
			showEnvVarsInLog = 0;
		};
		D417DB94C14B647B05A3D689 /* [CP] Check Pods Manifest.lock */ = {
			isa = PBXShellScriptBuildPhase;
			buildActionMask = 2147483647;
			files = (
			);
			inputFileListPaths = (
			);
			inputPaths = (
				"${PODS_PODFILE_DIR_PATH}/Podfile.lock",
				"${PODS_ROOT}/Manifest.lock",
			);
			name = "[CP] Check Pods Manifest.lock";
			outputFileListPaths = (
			);
			outputPaths = (
				"$(DERIVED_FILE_DIR)/Pods-BPCheck-checkManifestLockResult.txt",
			);
			runOnlyForDeploymentPostprocessing = 0;
			shellPath = /bin/sh;
			shellScript = "diff \"${PODS_PODFILE_DIR_PATH}/Podfile.lock\" \"${PODS_ROOT}/Manifest.lock\" > /dev/null\nif [ $? != 0 ] ; then\n    # print error to STDERR\n    echo \"error: The sandbox is not in sync with the Podfile.lock. Run 'pod install' or update your CocoaPods installation.\" >&2\n    exit 1\nfi\n# This output is used by Xcode 'outputs' to avoid re-running this script phase.\necho \"SUCCESS\" > \"${SCRIPT_OUTPUT_FILE_0}\"\n";
			showEnvVarsInLog = 0;
		};
/* End PBXShellScriptBuildPhase section */

/* Begin PBXSourcesBuildPhase section */
		EB062A94261607E80040B4C0 /* Sources */ = {
			isa = PBXSourcesBuildPhase;
			buildActionMask = 2147483647;
			files = (
				EBBD53D1262E6B8B00E4C0A9 /* ServiceType.swift in Sources */,
				EB8D55A3267991EA00D32812 /* HospitalFlow.swift in Sources */,
				EBB32EE0261F3D6700CE7E38 /* TableChartsViewController.swift in Sources */,
				EBB657D12619A40E00D75E51 /* SignUpViewController.swift in Sources */,
				EBBD53C8262E66EE00E4C0A9 /* Home.swift in Sources */,
				EB8CC4E02619521E0060FA5A /* Token.swift in Sources */,
				EBB5D7B3267191870067BACC /* BaseViewController.swift in Sources */,
				EBBD53D4262EB39F00E4C0A9 /* LowReactor.swift in Sources */,
				EB973F202619624E005493A2 /* UITextField.swift in Sources */,
				EBB4DB652616DBFD001872B6 /* SignInReactor.swift in Sources */,
				EBFD81A526381F2A00B0362A /* HighReactor.swift in Sources */,
				EBB5D7AF2670FA9A0067BACC /* AppFlow.swift in Sources */,
				EBFA8A8F263643F30042DAC3 /* HospitalReactor.swift in Sources */,
				EBB657D42619A79A00D75E51 /* SignUpReactor.swift in Sources */,
				EBB657DD261A8A4500D75E51 /* MainFeedView.swift in Sources */,
				EBAB8EA326500E4700122A85 /* TokenManager.swift in Sources */,
				EBB4DB6B2616E8B3001872B6 /* Service.swift in Sources */,
				EBFD81A926381F7000B0362A /* HighChartViewController.swift in Sources */,
				EBB4DB682616DEAC001872B6 /* BPCheckAPI.swift in Sources */,
				EBFD81A226381F0B00B0362A /* AllBpTableViewCell.swift in Sources */,
				EBA5A27A261EA2EF00E635E6 /* LowChartViewController.swift in Sources */,
				EBBD53CE262E69FB00E4C0A9 /* Bp.swift in Sources */,
				EBBD53C5262E5F1400E4C0A9 /* HomeReactor.swift in Sources */,
				EBB5D7AD2670F9490067BACC /* BPCheckStep.swift in Sources */,
				EB062AA0261607E80040B4C0 /* SignInViewController.swift in Sources */,
				EBD115AC261D34DB00FA9C83 /* PostViewController.swift in Sources */,
				EBBD53CB262E69B900E4C0A9 /* Hospital.swift in Sources */,
				EBD115B1261D50F900FA9C83 /* HospitalViewController.swift in Sources */,
				EBAE5643267322C0004E49AA /* TabBarFlow.swift in Sources */,
				EBB4DB612616D9CA001872B6 /* Color.swift in Sources */,
				EBFD81AC263822A600B0362A /* PostReactor.swift in Sources */,
				EB062A9C261607E80040B4C0 /* AppDelegate.swift in Sources */,
				EB9227EA261853D00031F9E7 /* UIViewController.swift in Sources */,
				EBB657D92619CE1500D75E51 /* HomeViewController.swift in Sources */,
				EBFD819F26381BEB00B0362A /* TableChartsReactor.swift in Sources */,
				EBAB8EA426500E4A00122A85 /* StorageManager.swift in Sources */,
			);
			runOnlyForDeploymentPostprocessing = 0;
		};
/* End PBXSourcesBuildPhase section */

/* Begin PBXVariantGroup section */
		EB062AA6261607ED0040B4C0 /* LaunchScreen.storyboard */ = {
			isa = PBXVariantGroup;
			children = (
				EB062AA7261607ED0040B4C0 /* Base */,
			);
			name = LaunchScreen.storyboard;
			sourceTree = "<group>";
		};
/* End PBXVariantGroup section */

/* Begin XCBuildConfiguration section */
		EB062AAA261607ED0040B4C0 /* Debug */ = {
			isa = XCBuildConfiguration;
			buildSettings = {
				ALWAYS_SEARCH_USER_PATHS = NO;
				CLANG_ANALYZER_NONNULL = YES;
				CLANG_ANALYZER_NUMBER_OBJECT_CONVERSION = YES_AGGRESSIVE;
				CLANG_CXX_LANGUAGE_STANDARD = "gnu++14";
				CLANG_CXX_LIBRARY = "libc++";
				CLANG_ENABLE_MODULES = YES;
				CLANG_ENABLE_OBJC_ARC = YES;
				CLANG_ENABLE_OBJC_WEAK = YES;
				CLANG_WARN_BLOCK_CAPTURE_AUTORELEASING = YES;
				CLANG_WARN_BOOL_CONVERSION = YES;
				CLANG_WARN_COMMA = YES;
				CLANG_WARN_CONSTANT_CONVERSION = YES;
				CLANG_WARN_DEPRECATED_OBJC_IMPLEMENTATIONS = YES;
				CLANG_WARN_DIRECT_OBJC_ISA_USAGE = YES_ERROR;
				CLANG_WARN_DOCUMENTATION_COMMENTS = YES;
				CLANG_WARN_EMPTY_BODY = YES;
				CLANG_WARN_ENUM_CONVERSION = YES;
				CLANG_WARN_INFINITE_RECURSION = YES;
				CLANG_WARN_INT_CONVERSION = YES;
				CLANG_WARN_NON_LITERAL_NULL_CONVERSION = YES;
				CLANG_WARN_OBJC_IMPLICIT_RETAIN_SELF = YES;
				CLANG_WARN_OBJC_LITERAL_CONVERSION = YES;
				CLANG_WARN_OBJC_ROOT_CLASS = YES_ERROR;
				CLANG_WARN_QUOTED_INCLUDE_IN_FRAMEWORK_HEADER = YES;
				CLANG_WARN_RANGE_LOOP_ANALYSIS = YES;
				CLANG_WARN_STRICT_PROTOTYPES = YES;
				CLANG_WARN_SUSPICIOUS_MOVE = YES;
				CLANG_WARN_UNGUARDED_AVAILABILITY = YES_AGGRESSIVE;
				CLANG_WARN_UNREACHABLE_CODE = YES;
				CLANG_WARN__DUPLICATE_METHOD_MATCH = YES;
				COPY_PHASE_STRIP = NO;
				DEBUG_INFORMATION_FORMAT = dwarf;
				ENABLE_STRICT_OBJC_MSGSEND = YES;
				ENABLE_TESTABILITY = YES;
				GCC_C_LANGUAGE_STANDARD = gnu11;
				GCC_DYNAMIC_NO_PIC = NO;
				GCC_NO_COMMON_BLOCKS = YES;
				GCC_OPTIMIZATION_LEVEL = 0;
				GCC_PREPROCESSOR_DEFINITIONS = (
					"DEBUG=1",
					"$(inherited)",
				);
				GCC_WARN_64_TO_32_BIT_CONVERSION = YES;
				GCC_WARN_ABOUT_RETURN_TYPE = YES_ERROR;
				GCC_WARN_UNDECLARED_SELECTOR = YES;
				GCC_WARN_UNINITIALIZED_AUTOS = YES_AGGRESSIVE;
				GCC_WARN_UNUSED_FUNCTION = YES;
				GCC_WARN_UNUSED_VARIABLE = YES;
				IPHONEOS_DEPLOYMENT_TARGET = 14.4;
				MTL_ENABLE_DEBUG_INFO = INCLUDE_SOURCE;
				MTL_FAST_MATH = YES;
				ONLY_ACTIVE_ARCH = YES;
				SDKROOT = iphoneos;
				SWIFT_ACTIVE_COMPILATION_CONDITIONS = DEBUG;
				SWIFT_OPTIMIZATION_LEVEL = "-Onone";
			};
			name = Debug;
		};
		EB062AAB261607ED0040B4C0 /* Release */ = {
			isa = XCBuildConfiguration;
			buildSettings = {
				ALWAYS_SEARCH_USER_PATHS = NO;
				CLANG_ANALYZER_NONNULL = YES;
				CLANG_ANALYZER_NUMBER_OBJECT_CONVERSION = YES_AGGRESSIVE;
				CLANG_CXX_LANGUAGE_STANDARD = "gnu++14";
				CLANG_CXX_LIBRARY = "libc++";
				CLANG_ENABLE_MODULES = YES;
				CLANG_ENABLE_OBJC_ARC = YES;
				CLANG_ENABLE_OBJC_WEAK = YES;
				CLANG_WARN_BLOCK_CAPTURE_AUTORELEASING = YES;
				CLANG_WARN_BOOL_CONVERSION = YES;
				CLANG_WARN_COMMA = YES;
				CLANG_WARN_CONSTANT_CONVERSION = YES;
				CLANG_WARN_DEPRECATED_OBJC_IMPLEMENTATIONS = YES;
				CLANG_WARN_DIRECT_OBJC_ISA_USAGE = YES_ERROR;
				CLANG_WARN_DOCUMENTATION_COMMENTS = YES;
				CLANG_WARN_EMPTY_BODY = YES;
				CLANG_WARN_ENUM_CONVERSION = YES;
				CLANG_WARN_INFINITE_RECURSION = YES;
				CLANG_WARN_INT_CONVERSION = YES;
				CLANG_WARN_NON_LITERAL_NULL_CONVERSION = YES;
				CLANG_WARN_OBJC_IMPLICIT_RETAIN_SELF = YES;
				CLANG_WARN_OBJC_LITERAL_CONVERSION = YES;
				CLANG_WARN_OBJC_ROOT_CLASS = YES_ERROR;
				CLANG_WARN_QUOTED_INCLUDE_IN_FRAMEWORK_HEADER = YES;
				CLANG_WARN_RANGE_LOOP_ANALYSIS = YES;
				CLANG_WARN_STRICT_PROTOTYPES = YES;
				CLANG_WARN_SUSPICIOUS_MOVE = YES;
				CLANG_WARN_UNGUARDED_AVAILABILITY = YES_AGGRESSIVE;
				CLANG_WARN_UNREACHABLE_CODE = YES;
				CLANG_WARN__DUPLICATE_METHOD_MATCH = YES;
				COPY_PHASE_STRIP = NO;
				DEBUG_INFORMATION_FORMAT = "dwarf-with-dsym";
				ENABLE_NS_ASSERTIONS = NO;
				ENABLE_STRICT_OBJC_MSGSEND = YES;
				GCC_C_LANGUAGE_STANDARD = gnu11;
				GCC_NO_COMMON_BLOCKS = YES;
				GCC_WARN_64_TO_32_BIT_CONVERSION = YES;
				GCC_WARN_ABOUT_RETURN_TYPE = YES_ERROR;
				GCC_WARN_UNDECLARED_SELECTOR = YES;
				GCC_WARN_UNINITIALIZED_AUTOS = YES_AGGRESSIVE;
				GCC_WARN_UNUSED_FUNCTION = YES;
				GCC_WARN_UNUSED_VARIABLE = YES;
				IPHONEOS_DEPLOYMENT_TARGET = 14.4;
				MTL_ENABLE_DEBUG_INFO = NO;
				MTL_FAST_MATH = YES;
				SDKROOT = iphoneos;
				SWIFT_COMPILATION_MODE = wholemodule;
				SWIFT_OPTIMIZATION_LEVEL = "-O";
				VALIDATE_PRODUCT = YES;
			};
			name = Release;
		};
		EB062AAD261607ED0040B4C0 /* Debug */ = {
			isa = XCBuildConfiguration;
			baseConfigurationReference = 517C0D250286D9AFEDD071A4 /* Pods-BPCheck.debug.xcconfig */;
			buildSettings = {
				ASSETCATALOG_COMPILER_APPICON_NAME = AppIcon;
				ASSETCATALOG_COMPILER_GLOBAL_ACCENT_COLOR_NAME = AccentColor;
				CODE_SIGN_STYLE = Automatic;
				DEVELOPMENT_TEAM = 43892VQKJ3;
				INFOPLIST_FILE = BPCheck/Info.plist;
				LD_RUNPATH_SEARCH_PATHS = (
					"$(inherited)",
					"@executable_path/Frameworks",
				);
				PRODUCT_BUNDLE_IDENTIFIER = com.develop.BPCheck;
				PRODUCT_NAME = "$(TARGET_NAME)";
				SWIFT_VERSION = 5.0;
				TARGETED_DEVICE_FAMILY = "1,2";
			};
			name = Debug;
		};
		EB062AAE261607ED0040B4C0 /* Release */ = {
			isa = XCBuildConfiguration;
			baseConfigurationReference = 4CA040F7B914536378CB9D38 /* Pods-BPCheck.release.xcconfig */;
			buildSettings = {
				ASSETCATALOG_COMPILER_APPICON_NAME = AppIcon;
				ASSETCATALOG_COMPILER_GLOBAL_ACCENT_COLOR_NAME = AccentColor;
				CODE_SIGN_STYLE = Automatic;
				DEVELOPMENT_TEAM = 43892VQKJ3;
				INFOPLIST_FILE = BPCheck/Info.plist;
				LD_RUNPATH_SEARCH_PATHS = (
					"$(inherited)",
					"@executable_path/Frameworks",
				);
				PRODUCT_BUNDLE_IDENTIFIER = com.develop.BPCheck;
				PRODUCT_NAME = "$(TARGET_NAME)";
				SWIFT_VERSION = 5.0;
				TARGETED_DEVICE_FAMILY = "1,2";
			};
			name = Release;
		};
/* End XCBuildConfiguration section */

/* Begin XCConfigurationList section */
		EB062A93261607E80040B4C0 /* Build configuration list for PBXProject "BPCheck" */ = {
			isa = XCConfigurationList;
			buildConfigurations = (
				EB062AAA261607ED0040B4C0 /* Debug */,
				EB062AAB261607ED0040B4C0 /* Release */,
			);
			defaultConfigurationIsVisible = 0;
			defaultConfigurationName = Release;
		};
		EB062AAC261607ED0040B4C0 /* Build configuration list for PBXNativeTarget "BPCheck" */ = {
			isa = XCConfigurationList;
			buildConfigurations = (
				EB062AAD261607ED0040B4C0 /* Debug */,
				EB062AAE261607ED0040B4C0 /* Release */,
			);
			defaultConfigurationIsVisible = 0;
			defaultConfigurationName = Release;
		};
/* End XCConfigurationList section */
	};
	rootObject = EB062A90261607E80040B4C0 /* Project object */;
}
